
Microsoft Visual Studio Solution File, Format Version 12.00
# Visual Studio Version 17
VisualStudioVersion = 17.9.34701.34
MinimumVisualStudioVersion = 10.0.40219.1
Project("{FAE04EC0-301F-11D3-BF4B-00C04F79EFBC}") = "lab2", "lab2\lab2.csproj", "{8F516305-7FF9-431D-83E9-87FE9F447653}"
EndProject
Global
	GlobalSection(SolutionConfigurationPlatforms) = preSolution
		Debug|Any CPU = Debug|Any CPU
		Release|Any CPU = Release|Any CPU
	EndGlobalSection
	GlobalSection(ProjectConfigurationPlatforms) = postSolution
		{8F516305-7FF9-431D-83E9-87FE9F447653}.Debug|Any CPU.ActiveCfg = Debug|Any CPU
		{8F516305-7FF9-431D-83E9-87FE9F447653}.Debug|Any CPU.Build.0 = Debug|Any CPU
		{8F516305-7FF9-431D-83E9-87FE9F447653}.Release|Any CPU.ActiveCfg = Release|Any CPU
		{8F516305-7FF9-431D-83E9-87FE9F447653}.Release|Any CPU.Build.0 = Release|Any CPU
	EndGlobalSection
	GlobalSection(SolutionProperties) = preSolution
		HideSolutionNode = FALSE
	EndGlobalSection
	GlobalSection(ExtensibilityGlobals) = postSolution
		SolutionGuid = {24465C96-545E-41FD-A2D9-07F0C3529420}
	EndGlobalSection
EndGlobal
